
Microsoft Visual Studio Solution File, Format Version 12.00
# Visual Studio 2012
Project("{FAE04EC0-301F-11D3-BF4B-00C04F79EFBC}") = "TestGitBiztalkProject", "TestGitBiztalkProject\TestGitBiztalkProject.btproj", "{72F97247-E346-4DE3-8AB1-F6A2EFDA4EBA}"
EndProject
Global
	GlobalSection(SolutionConfigurationPlatforms) = preSolution
		Debug|Any CPU = Debug|Any CPU
		Release|Any CPU = Release|Any CPU
	EndGlobalSection
	GlobalSection(ProjectConfigurationPlatforms) = postSolution
		{72F97247-E346-4DE3-8AB1-F6A2EFDA4EBA}.Debug|Any CPU.ActiveCfg = Debug|Any CPU
		{72F97247-E346-4DE3-8AB1-F6A2EFDA4EBA}.Debug|Any CPU.Build.0 = Debug|Any CPU
		{72F97247-E346-4DE3-8AB1-F6A2EFDA4EBA}.Debug|Any CPU.Deploy.0 = Debug|Any CPU
		{72F97247-E346-4DE3-8AB1-F6A2EFDA4EBA}.Release|Any CPU.ActiveCfg = Release|Any CPU
		{72F97247-E346-4DE3-8AB1-F6A2EFDA4EBA}.Release|Any CPU.Build.0 = Release|Any CPU
		{72F97247-E346-4DE3-8AB1-F6A2EFDA4EBA}.Release|Any CPU.Deploy.0 = Release|Any CPU
	EndGlobalSection
	GlobalSection(SolutionProperties) = preSolution
		HideSolutionNode = FALSE
	EndGlobalSection
EndGlobal
